
Microsoft Visual Studio Solution File, Format Version 11.00
# Visual Studio 2010
Project("{FAE04EC0-301F-11D3-BF4B-00C04F79EFBC}") = "UnityEngine.UI", "UnityEngine.UI.csproj", "{43DA9BFF-C0D1-F378-7889-DDE2A2D03C28}"
EndProject
Project("{FAE04EC0-301F-11D3-BF4B-00C04F79EFBC}") = "Unity.2D.PixelPerfect.Tests", "Unity.2D.PixelPerfect.Tests.csproj", "{7C20EFE2-22A9-B31C-FEDB-44CAD58F02B4}"
EndProject
Project("{FAE04EC0-301F-11D3-BF4B-00C04F79EFBC}") = "UnityEngine.TestRunner", "UnityEngine.TestRunner.csproj", "{DD60CC61-E196-7A76-A2DB-DDE1BA663C83}"
EndProject
Project("{FAE04EC0-301F-11D3-BF4B-00C04F79EFBC}") = "Unity.Mathematics", "Unity.Mathematics.csproj", "{DDBA027F-A619-2C30-47E2-D1788D8D4EE6}"
EndProject
Project("{FAE04EC0-301F-11D3-BF4B-00C04F79EFBC}") = "Unity.2D.Animation.Triangle.Runtime", "Unity.2D.Animation.Triangle.Runtime.csproj", "{37AD1BBF-FB88-54A9-F29B-24F123A54335}"
EndProject
Project("{FAE04EC0-301F-11D3-BF4B-00C04F79EFBC}") = "UnityEngine.UI.Tests", "UnityEngine.UI.Tests.csproj", "{741EB29F-FDEB-6236-E410-2A98441F6826}"
EndProject
Project("{FAE04EC0-301F-11D3-BF4B-00C04F79EFBC}") = "Unity.Timeline", "Unity.Timeline.csproj", "{370763BC-122A-52FF-2484-E303C9DBA47D}"
EndProject
Project("{FAE04EC0-301F-11D3-BF4B-00C04F79EFBC}") = "Unity.TextMeshPro", "Unity.TextMeshPro.csproj", "{40C71E52-B8C8-7C17-D11E-B1232873E307}"
EndProject
Project("{FAE04EC0-301F-11D3-BF4B-00C04F79EFBC}") = "Unity.2D.Animation.Runtime", "Unity.2D.Animation.Runtime.csproj", "{0DF20FE2-33AD-B3C5-6231-46F858E763BF}"
EndProject
Project("{FAE04EC0-301F-11D3-BF4B-00C04F79EFBC}") = "Unity.2D.IK.Runtime", "Unity.2D.IK.Runtime.csproj", "{DACFF035-75AD-8A91-BB8F-6A9308009A0E}"
EndProject
Project("{FAE04EC0-301F-11D3-BF4B-00C04F79EFBC}") = "Unity.2D.SpriteShape.Runtime", "Unity.2D.SpriteShape.Runtime.csproj", "{BA724628-DFC7-B20B-B788-A7C982998104}"
EndProject
Project("{FAE04EC0-301F-11D3-BF4B-00C04F79EFBC}") = "Unity.2D.PixelPerfect", "Unity.2D.PixelPerfect.csproj", "{B7BFA3DC-5684-12B5-5AF6-0A3709D5406C}"
EndProject
Project("{FAE04EC0-301F-11D3-BF4B-00C04F79EFBC}") = "Assembly-CSharp", "Assembly-CSharp.csproj", "{F759699D-B037-C144-AEFA-81D060239050}"
EndProject
Project("{FAE04EC0-301F-11D3-BF4B-00C04F79EFBC}") = "Unity.2D.Common.Runtime", "Unity.2D.Common.Runtime.csproj", "{6FA92B70-2856-13F0-3B7B-AB92417C3406}"
EndProject
Project("{FAE04EC0-301F-11D3-BF4B-00C04F79EFBC}") = "Unity.TextMeshPro.Tests", "Unity.TextMeshPro.Tests.csproj", "{49B99B26-904B-D918-C003-F255FC097D58}"
EndProject
Project("{FAE04EC0-301F-11D3-BF4B-00C04F79EFBC}") = "Unity.InternalAPIEngineBridge.001", "Unity.InternalAPIEngineBridge.001.csproj", "{7B2B67B6-CC82-9854-280C-B3F80ADFB66C}"
EndProject
Project("{FAE04EC0-301F-11D3-BF4B-00C04F79EFBC}") = "UnityEditor.TestRunner", "UnityEditor.TestRunner.csproj", "{64767DDB-EE6B-5FF6-A085-BF01CD80E117}"
EndProject
Project("{FAE04EC0-301F-11D3-BF4B-00C04F79EFBC}") = "Unity.PlasticSCM.Editor", "Unity.PlasticSCM.Editor.csproj", "{B439B3F6-635B-02AA-8744-E00B24A258C5}"
EndProject
Project("{FAE04EC0-301F-11D3-BF4B-00C04F79EFBC}") = "UnityEditor.UI", "UnityEditor.UI.csproj", "{F2B52DAF-177B-CD19-A495-AEB600D62C17}"
EndProject
Project("{FAE04EC0-301F-11D3-BF4B-00C04F79EFBC}") = "Unity.Timeline.Editor", "Unity.Timeline.Editor.csproj", "{FC0109A4-8925-2DC3-22FF-AFF0DCB42060}"
EndProject
Project("{FAE04EC0-301F-11D3-BF4B-00C04F79EFBC}") = "Unity.VisualStudio.Editor", "Unity.VisualStudio.Editor.csproj", "{2E6AEE56-8608-632B-AED3-6ED92344B9CD}"
EndProject
Project("{FAE04EC0-301F-11D3-BF4B-00C04F79EFBC}") = "Unity.2D.Psdimporter.Editor", "Unity.2D.Psdimporter.Editor.csproj", "{0C3F6CB4-9EE7-FABE-AAE7-3460A2547939}"
EndProject
Project("{FAE04EC0-301F-11D3-BF4B-00C04F79EFBC}") = "Unity.2D.Animation.Editor", "Unity.2D.Animation.Editor.csproj", "{A41B4510-D73F-F0A2-CA93-05E512523BEB}"
EndProject
Project("{FAE04EC0-301F-11D3-BF4B-00C04F79EFBC}") = "Unity.TextMeshPro.Editor", "Unity.TextMeshPro.Editor.csproj", "{B3E0D2A8-5DC5-4CC6-C573-F07D2B8979EA}"
EndProject
Project("{FAE04EC0-301F-11D3-BF4B-00C04F79EFBC}") = "Unity.2D.SpriteShape.Editor", "Unity.2D.SpriteShape.Editor.csproj", "{7DD5F4EE-FDC7-F536-D2E3-0C996E68BF73}"
EndProject
Project("{FAE04EC0-301F-11D3-BF4B-00C04F79EFBC}") = "Unity.CollabProxy.Editor", "Unity.CollabProxy.Editor.csproj", "{03E29734-D84E-67D0-0AB3-3AE486914B0A}"
EndProject
Project("{FAE04EC0-301F-11D3-BF4B-00C04F79EFBC}") = "PsdPlugin", "PsdPlugin.csproj", "{066B84A9-1ACD-B7A6-C144-77DE762A94C3}"
EndProject
Project("{FAE04EC0-301F-11D3-BF4B-00C04F79EFBC}") = "DocCodeExamples", "DocCodeExamples.csproj", "{010A81BB-B0B4-5935-C433-FD7C4677BD88}"
EndProject
Project("{FAE04EC0-301F-11D3-BF4B-00C04F79EFBC}") = "Unity.2D.Path.Editor", "Unity.2D.Path.Editor.csproj", "{EB5426C6-93A8-8D1E-3F50-FB132FB1CDE5}"
EndProject
Project("{FAE04EC0-301F-11D3-BF4B-00C04F79EFBC}") = "Unity.Mathematics.Tests", "Unity.Mathematics.Tests.csproj", "{71F5B266-46C2-DEEB-CA9E-72AE24B1E16B}"
EndProject
Project("{FAE04EC0-301F-11D3-BF4B-00C04F79EFBC}") = "Unity.PlasticSCM.EditorTests", "Unity.PlasticSCM.EditorTests.csproj", "{BA37961B-DC50-6381-8C8C-1108A059C0DC}"
EndProject
Project("{FAE04EC0-301F-11D3-BF4B-00C04F79EFBC}") = "Unity.Rider.Editor", "Unity.Rider.Editor.csproj", "{66F0E32C-CF96-C42C-2CA9-D31D7CACB415}"
EndProject
Project("{FAE04EC0-301F-11D3-BF4B-00C04F79EFBC}") = "UnityEditor.UI.EditorTests", "UnityEditor.UI.EditorTests.csproj", "{E2FAFFEA-757F-AD98-524F-2891FB255EC6}"
EndProject
Project("{FAE04EC0-301F-11D3-BF4B-00C04F79EFBC}") = "Unity.CollabProxy.EditorTests", "Unity.CollabProxy.EditorTests.csproj", "{DE16978B-4337-F3EE-4E86-ADA4739374FA}"
EndProject
Project("{FAE04EC0-301F-11D3-BF4B-00C04F79EFBC}") = "Unity.2D.IK.Editor", "Unity.2D.IK.Editor.csproj", "{8907983E-F192-A279-1A15-E7640244D056}"
EndProject
Project("{FAE04EC0-301F-11D3-BF4B-00C04F79EFBC}") = "Unity.2D.SpriteShape.EditorTests", "Unity.2D.SpriteShape.EditorTests.csproj", "{FCF3EAC1-4A86-2EC3-9EAF-7DC146588A09}"
EndProject
Project("{FAE04EC0-301F-11D3-BF4B-00C04F79EFBC}") = "Unity.2D.Sprite.Editor", "Unity.2D.Sprite.Editor.csproj", "{C2A18B67-4B97-72FE-C4B2-A9030C066D00}"
EndProject
Project("{FAE04EC0-301F-11D3-BF4B-00C04F79EFBC}") = "Unity.2D.Tilemap.Editor", "Unity.2D.Tilemap.Editor.csproj", "{EE1F92DE-0154-5300-BD0F-E8EBD7043D39}"
EndProject
Project("{FAE04EC0-301F-11D3-BF4B-00C04F79EFBC}") = "Unity.2D.PixelPerfect.Editor", "Unity.2D.PixelPerfect.Editor.csproj", "{86E15971-8108-6D20-D091-9683CE81DA8A}"
EndProject
Project("{FAE04EC0-301F-11D3-BF4B-00C04F79EFBC}") = "Unity.VSCode.Editor", "Unity.VSCode.Editor.csproj", "{4DBEF992-E81B-83EE-76A1-4BACD4F6EAFF}"
EndProject
Project("{FAE04EC0-301F-11D3-BF4B-00C04F79EFBC}") = "Unity.2D.Common.Editor", "Unity.2D.Common.Editor.csproj", "{6167EFB6-1E77-D0DB-6F35-FBEFD042983B}"
EndProject
Project("{FAE04EC0-301F-11D3-BF4B-00C04F79EFBC}") = "Unity.Mathematics.Editor", "Unity.Mathematics.Editor.csproj", "{D46008C1-195A-99EC-ADC1-171BB2173FA7}"
EndProject
Project("{FAE04EC0-301F-11D3-BF4B-00C04F79EFBC}") = "Unity.2D.PixelPerfect.Editor.Tests", "Unity.2D.PixelPerfect.Editor.Tests.csproj", "{3CD539A1-6B6A-5718-70CE-FF4D98F040D1}"
EndProject
Project("{FAE04EC0-301F-11D3-BF4B-00C04F79EFBC}") = "Unity.2D.Common.EditorTests", "Unity.2D.Common.EditorTests.csproj", "{774B1720-4444-465D-4A7E-8CAB2DBEEB72}"
EndProject
Project("{FAE04EC0-301F-11D3-BF4B-00C04F79EFBC}") = "Unity.2D.Path.Tests", "Unity.2D.Path.Tests.csproj", "{AB35A73F-8B72-9509-A8E2-F850D7568877}"
EndProject
Project("{FAE04EC0-301F-11D3-BF4B-00C04F79EFBC}") = "Unity.InternalAPIEditorBridge.001", "Unity.InternalAPIEditorBridge.001.csproj", "{47C20955-7C3A-4657-1A59-2EAB75E731C4}"
EndProject
Project("{FAE04EC0-301F-11D3-BF4B-00C04F79EFBC}") = "Unity.2D.Tilemap.Package.EditorTests", "Unity.2D.Tilemap.Package.EditorTests.csproj", "{3251869F-6FA3-B313-E2D4-4F3F0F4C6D1A}"
EndProject
Project("{FAE04EC0-301F-11D3-BF4B-00C04F79EFBC}") = "Unity.2D.Psdimporter.EditorTests", "Unity.2D.Psdimporter.EditorTests.csproj", "{E85BAA4D-3437-2A2E-7F7B-F2E462091D9B}"
EndProject
Project("{FAE04EC0-301F-11D3-BF4B-00C04F79EFBC}") = "Unity.2D.Sprite.Package.EditorTests", "Unity.2D.Sprite.Package.EditorTests.csproj", "{E854043D-7567-EFB7-EF36-9471D2FFDD4D}"
EndProject
Project("{FAE04EC0-301F-11D3-BF4B-00C04F79EFBC}") = "Unity.TextMeshPro.Editor.Tests", "Unity.TextMeshPro.Editor.Tests.csproj", "{1D51D020-BC45-2A40-5A31-8831A5754B58}"
EndProject
Project("{FAE04EC0-301F-11D3-BF4B-00C04F79EFBC}") = "Unity.2D.Animation.EditorTests", "Unity.2D.Animation.EditorTests.csproj", "{EBC32573-86FE-F36C-1C4F-C946328A1C8A}"
EndProject
Global
	GlobalSection(SolutionConfigurationPlatforms) = preSolution
		Debug|Any CPU = Debug|Any CPU
		Release|Any CPU = Release|Any CPU
	EndGlobalSection
	GlobalSection(ProjectConfigurationPlatforms) = postSolution
		{43DA9BFF-C0D1-F378-7889-DDE2A2D03C28}.Debug|Any CPU.ActiveCfg = Debug|Any CPU
		{43DA9BFF-C0D1-F378-7889-DDE2A2D03C28}.Debug|Any CPU.Build.0 = Debug|Any CPU
		{43DA9BFF-C0D1-F378-7889-DDE2A2D03C28}.Release|Any CPU.ActiveCfg = Release|Any CPU
		{43DA9BFF-C0D1-F378-7889-DDE2A2D03C28}.Release|Any CPU.Build.0 = Release|Any CPU
		{7C20EFE2-22A9-B31C-FEDB-44CAD58F02B4}.Debug|Any CPU.ActiveCfg = Debug|Any CPU
		{7C20EFE2-22A9-B31C-FEDB-44CAD58F02B4}.Debug|Any CPU.Build.0 = Debug|Any CPU
		{7C20EFE2-22A9-B31C-FEDB-44CAD58F02B4}.Release|Any CPU.ActiveCfg = Release|Any CPU
		{7C20EFE2-22A9-B31C-FEDB-44CAD58F02B4}.Release|Any CPU.Build.0 = Release|Any CPU
		{DD60CC61-E196-7A76-A2DB-DDE1BA663C83}.Debug|Any CPU.ActiveCfg = Debug|Any CPU
		{DD60CC61-E196-7A76-A2DB-DDE1BA663C83}.Debug|Any CPU.Build.0 = Debug|Any CPU
		{DD60CC61-E196-7A76-A2DB-DDE1BA663C83}.Release|Any CPU.ActiveCfg = Release|Any CPU
		{DD60CC61-E196-7A76-A2DB-DDE1BA663C83}.Release|Any CPU.Build.0 = Release|Any CPU
		{DDBA027F-A619-2C30-47E2-D1788D8D4EE6}.Debug|Any CPU.ActiveCfg = Debug|Any CPU
		{DDBA027F-A619-2C30-47E2-D1788D8D4EE6}.Debug|Any CPU.Build.0 = Debug|Any CPU
		{DDBA027F-A619-2C30-47E2-D1788D8D4EE6}.Release|Any CPU.ActiveCfg = Release|Any CPU
		{DDBA027F-A619-2C30-47E2-D1788D8D4EE6}.Release|Any CPU.Build.0 = Release|Any CPU
		{37AD1BBF-FB88-54A9-F29B-24F123A54335}.Debug|Any CPU.ActiveCfg = Debug|Any CPU
		{37AD1BBF-FB88-54A9-F29B-24F123A54335}.Debug|Any CPU.Build.0 = Debug|Any CPU
		{37AD1BBF-FB88-54A9-F29B-24F123A54335}.Release|Any CPU.ActiveCfg = Release|Any CPU
		{37AD1BBF-FB88-54A9-F29B-24F123A54335}.Release|Any CPU.Build.0 = Release|Any CPU
		{741EB29F-FDEB-6236-E410-2A98441F6826}.Debug|Any CPU.ActiveCfg = Debug|Any CPU
		{741EB29F-FDEB-6236-E410-2A98441F6826}.Debug|Any CPU.Build.0 = Debug|Any CPU
		{741EB29F-FDEB-6236-E410-2A98441F6826}.Release|Any CPU.ActiveCfg = Release|Any CPU
		{741EB29F-FDEB-6236-E410-2A98441F6826}.Release|Any CPU.Build.0 = Release|Any CPU
		{370763BC-122A-52FF-2484-E303C9DBA47D}.Debug|Any CPU.ActiveCfg = Debug|Any CPU
		{370763BC-122A-52FF-2484-E303C9DBA47D}.Debug|Any CPU.Build.0 = Debug|Any CPU
		{370763BC-122A-52FF-2484-E303C9DBA47D}.Release|Any CPU.ActiveCfg = Release|Any CPU
		{370763BC-122A-52FF-2484-E303C9DBA47D}.Release|Any CPU.Build.0 = Release|Any CPU
		{40C71E52-B8C8-7C17-D11E-B1232873E307}.Debug|Any CPU.ActiveCfg = Debug|Any CPU
		{40C71E52-B8C8-7C17-D11E-B1232873E307}.Debug|Any CPU.Build.0 = Debug|Any CPU
		{40C71E52-B8C8-7C17-D11E-B1232873E307}.Release|Any CPU.ActiveCfg = Release|Any CPU
		{40C71E52-B8C8-7C17-D11E-B1232873E307}.Release|Any CPU.Build.0 = Release|Any CPU
		{0DF20FE2-33AD-B3C5-6231-46F858E763BF}.Debug|Any CPU.ActiveCfg = Debug|Any CPU
		{0DF20FE2-33AD-B3C5-6231-46F858E763BF}.Debug|Any CPU.Build.0 = Debug|Any CPU
		{0DF20FE2-33AD-B3C5-6231-46F858E763BF}.Release|Any CPU.ActiveCfg = Release|Any CPU
		{0DF20FE2-33AD-B3C5-6231-46F858E763BF}.Release|Any CPU.Build.0 = Release|Any CPU
		{DACFF035-75AD-8A91-BB8F-6A9308009A0E}.Debug|Any CPU.ActiveCfg = Debug|Any CPU
		{DACFF035-75AD-8A91-BB8F-6A9308009A0E}.Debug|Any CPU.Build.0 = Debug|Any CPU
		{DACFF035-75AD-8A91-BB8F-6A9308009A0E}.Release|Any CPU.ActiveCfg = Release|Any CPU
		{DACFF035-75AD-8A91-BB8F-6A9308009A0E}.Release|Any CPU.Build.0 = Release|Any CPU
		{BA724628-DFC7-B20B-B788-A7C982998104}.Debug|Any CPU.ActiveCfg = Debug|Any CPU
		{BA724628-DFC7-B20B-B788-A7C982998104}.Debug|Any CPU.Build.0 = Debug|Any CPU
		{BA724628-DFC7-B20B-B788-A7C982998104}.Release|Any CPU.ActiveCfg = Release|Any CPU
		{BA724628-DFC7-B20B-B788-A7C982998104}.Release|Any CPU.Build.0 = Release|Any CPU
		{B7BFA3DC-5684-12B5-5AF6-0A3709D5406C}.Debug|Any CPU.ActiveCfg = Debug|Any CPU
		{B7BFA3DC-5684-12B5-5AF6-0A3709D5406C}.Debug|Any CPU.Build.0 = Debug|Any CPU
		{B7BFA3DC-5684-12B5-5AF6-0A3709D5406C}.Release|Any CPU.ActiveCfg = Release|Any CPU
		{B7BFA3DC-5684-12B5-5AF6-0A3709D5406C}.Release|Any CPU.Build.0 = Release|Any CPU
		{F759699D-B037-C144-AEFA-81D060239050}.Debug|Any CPU.ActiveCfg = Debug|Any CPU
		{F759699D-B037-C144-AEFA-81D060239050}.Debug|Any CPU.Build.0 = Debug|Any CPU
		{F759699D-B037-C144-AEFA-81D060239050}.Release|Any CPU.ActiveCfg = Release|Any CPU
		{F759699D-B037-C144-AEFA-81D060239050}.Release|Any CPU.Build.0 = Release|Any CPU
		{6FA92B70-2856-13F0-3B7B-AB92417C3406}.Debug|Any CPU.ActiveCfg = Debug|Any CPU
		{6FA92B70-2856-13F0-3B7B-AB92417C3406}.Debug|Any CPU.Build.0 = Debug|Any CPU
		{6FA92B70-2856-13F0-3B7B-AB92417C3406}.Release|Any CPU.ActiveCfg = Release|Any CPU
		{6FA92B70-2856-13F0-3B7B-AB92417C3406}.Release|Any CPU.Build.0 = Release|Any CPU
		{49B99B26-904B-D918-C003-F255FC097D58}.Debug|Any CPU.ActiveCfg = Debug|Any CPU
		{49B99B26-904B-D918-C003-F255FC097D58}.Debug|Any CPU.Build.0 = Debug|Any CPU
		{49B99B26-904B-D918-C003-F255FC097D58}.Release|Any CPU.ActiveCfg = Release|Any CPU
		{49B99B26-904B-D918-C003-F255FC097D58}.Release|Any CPU.Build.0 = Release|Any CPU
		{7B2B67B6-CC82-9854-280C-B3F80ADFB66C}.Debug|Any CPU.ActiveCfg = Debug|Any CPU
		{7B2B67B6-CC82-9854-280C-B3F80ADFB66C}.Debug|Any CPU.Build.0 = Debug|Any CPU
		{7B2B67B6-CC82-9854-280C-B3F80ADFB66C}.Release|Any CPU.ActiveCfg = Release|Any CPU
		{7B2B67B6-CC82-9854-280C-B3F80ADFB66C}.Release|Any CPU.Build.0 = Release|Any CPU
		{64767DDB-EE6B-5FF6-A085-BF01CD80E117}.Debug|Any CPU.ActiveCfg = Debug|Any CPU
		{64767DDB-EE6B-5FF6-A085-BF01CD80E117}.Debug|Any CPU.Build.0 = Debug|Any CPU
		{64767DDB-EE6B-5FF6-A085-BF01CD80E117}.Release|Any CPU.ActiveCfg = Release|Any CPU
		{64767DDB-EE6B-5FF6-A085-BF01CD80E117}.Release|Any CPU.Build.0 = Release|Any CPU
		{B439B3F6-635B-02AA-8744-E00B24A258C5}.Debug|Any CPU.ActiveCfg = Debug|Any CPU
		{B439B3F6-635B-02AA-8744-E00B24A258C5}.Debug|Any CPU.Build.0 = Debug|Any CPU
		{B439B3F6-635B-02AA-8744-E00B24A258C5}.Release|Any CPU.ActiveCfg = Release|Any CPU
		{B439B3F6-635B-02AA-8744-E00B24A258C5}.Release|Any CPU.Build.0 = Release|Any CPU
		{F2B52DAF-177B-CD19-A495-AEB600D62C17}.Debug|Any CPU.ActiveCfg = Debug|Any CPU
		{F2B52DAF-177B-CD19-A495-AEB600D62C17}.Debug|Any CPU.Build.0 = Debug|Any CPU
		{F2B52DAF-177B-CD19-A495-AEB600D62C17}.Release|Any CPU.ActiveCfg = Release|Any CPU
		{F2B52DAF-177B-CD19-A495-AEB600D62C17}.Release|Any CPU.Build.0 = Release|Any CPU
		{FC0109A4-8925-2DC3-22FF-AFF0DCB42060}.Debug|Any CPU.ActiveCfg = Debug|Any CPU
		{FC0109A4-8925-2DC3-22FF-AFF0DCB42060}.Debug|Any CPU.Build.0 = Debug|Any CPU
		{FC0109A4-8925-2DC3-22FF-AFF0DCB42060}.Release|Any CPU.ActiveCfg = Release|Any CPU
		{FC0109A4-8925-2DC3-22FF-AFF0DCB42060}.Release|Any CPU.Build.0 = Release|Any CPU
		{2E6AEE56-8608-632B-AED3-6ED92344B9CD}.Debug|Any CPU.ActiveCfg = Debug|Any CPU
		{2E6AEE56-8608-632B-AED3-6ED92344B9CD}.Debug|Any CPU.Build.0 = Debug|Any CPU
		{2E6AEE56-8608-632B-AED3-6ED92344B9CD}.Release|Any CPU.ActiveCfg = Release|Any CPU
		{2E6AEE56-8608-632B-AED3-6ED92344B9CD}.Release|Any CPU.Build.0 = Release|Any CPU
		{0C3F6CB4-9EE7-FABE-AAE7-3460A2547939}.Debug|Any CPU.ActiveCfg = Debug|Any CPU
		{0C3F6CB4-9EE7-FABE-AAE7-3460A2547939}.Debug|Any CPU.Build.0 = Debug|Any CPU
		{0C3F6CB4-9EE7-FABE-AAE7-3460A2547939}.Release|Any CPU.ActiveCfg = Release|Any CPU
		{0C3F6CB4-9EE7-FABE-AAE7-3460A2547939}.Release|Any CPU.Build.0 = Release|Any CPU
		{A41B4510-D73F-F0A2-CA93-05E512523BEB}.Debug|Any CPU.ActiveCfg = Debug|Any CPU
		{A41B4510-D73F-F0A2-CA93-05E512523BEB}.Debug|Any CPU.Build.0 = Debug|Any CPU
		{A41B4510-D73F-F0A2-CA93-05E512523BEB}.Release|Any CPU.ActiveCfg = Release|Any CPU
		{A41B4510-D73F-F0A2-CA93-05E512523BEB}.Release|Any CPU.Build.0 = Release|Any CPU
		{B3E0D2A8-5DC5-4CC6-C573-F07D2B8979EA}.Debug|Any CPU.ActiveCfg = Debug|Any CPU
		{B3E0D2A8-5DC5-4CC6-C573-F07D2B8979EA}.Debug|Any CPU.Build.0 = Debug|Any CPU
		{B3E0D2A8-5DC5-4CC6-C573-F07D2B8979EA}.Release|Any CPU.ActiveCfg = Release|Any CPU
		{B3E0D2A8-5DC5-4CC6-C573-F07D2B8979EA}.Release|Any CPU.Build.0 = Release|Any CPU
		{7DD5F4EE-FDC7-F536-D2E3-0C996E68BF73}.Debug|Any CPU.ActiveCfg = Debug|Any CPU
		{7DD5F4EE-FDC7-F536-D2E3-0C996E68BF73}.Debug|Any CPU.Build.0 = Debug|Any CPU
		{7DD5F4EE-FDC7-F536-D2E3-0C996E68BF73}.Release|Any CPU.ActiveCfg = Release|Any CPU
		{7DD5F4EE-FDC7-F536-D2E3-0C996E68BF73}.Release|Any CPU.Build.0 = Release|Any CPU
		{03E29734-D84E-67D0-0AB3-3AE486914B0A}.Debug|Any CPU.ActiveCfg = Debug|Any CPU
		{03E29734-D84E-67D0-0AB3-3AE486914B0A}.Debug|Any CPU.Build.0 = Debug|Any CPU
		{03E29734-D84E-67D0-0AB3-3AE486914B0A}.Release|Any CPU.ActiveCfg = Release|Any CPU
		{03E29734-D84E-67D0-0AB3-3AE486914B0A}.Release|Any CPU.Build.0 = Release|Any CPU
		{066B84A9-1ACD-B7A6-C144-77DE762A94C3}.Debug|Any CPU.ActiveCfg = Debug|Any CPU
		{066B84A9-1ACD-B7A6-C144-77DE762A94C3}.Debug|Any CPU.Build.0 = Debug|Any CPU
		{066B84A9-1ACD-B7A6-C144-77DE762A94C3}.Release|Any CPU.ActiveCfg = Release|Any CPU
		{066B84A9-1ACD-B7A6-C144-77DE762A94C3}.Release|Any CPU.Build.0 = Release|Any CPU
		{010A81BB-B0B4-5935-C433-FD7C4677BD88}.Debug|Any CPU.ActiveCfg = Debug|Any CPU
		{010A81BB-B0B4-5935-C433-FD7C4677BD88}.Debug|Any CPU.Build.0 = Debug|Any CPU
		{010A81BB-B0B4-5935-C433-FD7C4677BD88}.Release|Any CPU.ActiveCfg = Release|Any CPU
		{010A81BB-B0B4-5935-C433-FD7C4677BD88}.Release|Any CPU.Build.0 = Release|Any CPU
		{EB5426C6-93A8-8D1E-3F50-FB132FB1CDE5}.Debug|Any CPU.ActiveCfg = Debug|Any CPU
		{EB5426C6-93A8-8D1E-3F50-FB132FB1CDE5}.Debug|Any CPU.Build.0 = Debug|Any CPU
		{EB5426C6-93A8-8D1E-3F50-FB132FB1CDE5}.Release|Any CPU.ActiveCfg = Release|Any CPU
		{EB5426C6-93A8-8D1E-3F50-FB132FB1CDE5}.Release|Any CPU.Build.0 = Release|Any CPU
		{71F5B266-46C2-DEEB-CA9E-72AE24B1E16B}.Debug|Any CPU.ActiveCfg = Debug|Any CPU
		{71F5B266-46C2-DEEB-CA9E-72AE24B1E16B}.Debug|Any CPU.Build.0 = Debug|Any CPU
		{71F5B266-46C2-DEEB-CA9E-72AE24B1E16B}.Release|Any CPU.ActiveCfg = Release|Any CPU
		{71F5B266-46C2-DEEB-CA9E-72AE24B1E16B}.Release|Any CPU.Build.0 = Release|Any CPU
		{BA37961B-DC50-6381-8C8C-1108A059C0DC}.Debug|Any CPU.ActiveCfg = Debug|Any CPU
		{BA37961B-DC50-6381-8C8C-1108A059C0DC}.Debug|Any CPU.Build.0 = Debug|Any CPU
		{BA37961B-DC50-6381-8C8C-1108A059C0DC}.Release|Any CPU.ActiveCfg = Release|Any CPU
		{BA37961B-DC50-6381-8C8C-1108A059C0DC}.Release|Any CPU.Build.0 = Release|Any CPU
		{66F0E32C-CF96-C42C-2CA9-D31D7CACB415}.Debug|Any CPU.ActiveCfg = Debug|Any CPU
		{66F0E32C-CF96-C42C-2CA9-D31D7CACB415}.Debug|Any CPU.Build.0 = Debug|Any CPU
		{66F0E32C-CF96-C42C-2CA9-D31D7CACB415}.Release|Any CPU.ActiveCfg = Release|Any CPU
		{66F0E32C-CF96-C42C-2CA9-D31D7CACB415}.Release|Any CPU.Build.0 = Release|Any CPU
		{E2FAFFEA-757F-AD98-524F-2891FB255EC6}.Debug|Any CPU.ActiveCfg = Debug|Any CPU
		{E2FAFFEA-757F-AD98-524F-2891FB255EC6}.Debug|Any CPU.Build.0 = Debug|Any CPU
		{E2FAFFEA-757F-AD98-524F-2891FB255EC6}.Release|Any CPU.ActiveCfg = Release|Any CPU
		{E2FAFFEA-757F-AD98-524F-2891FB255EC6}.Release|Any CPU.Build.0 = Release|Any CPU
		{DE16978B-4337-F3EE-4E86-ADA4739374FA}.Debug|Any CPU.ActiveCfg = Debug|Any CPU
		{DE16978B-4337-F3EE-4E86-ADA4739374FA}.Debug|Any CPU.Build.0 = Debug|Any CPU
		{DE16978B-4337-F3EE-4E86-ADA4739374FA}.Release|Any CPU.ActiveCfg = Release|Any CPU
		{DE16978B-4337-F3EE-4E86-ADA4739374FA}.Release|Any CPU.Build.0 = Release|Any CPU
		{8907983E-F192-A279-1A15-E7640244D056}.Debug|Any CPU.ActiveCfg = Debug|Any CPU
		{8907983E-F192-A279-1A15-E7640244D056}.Debug|Any CPU.Build.0 = Debug|Any CPU
		{8907983E-F192-A279-1A15-E7640244D056}.Release|Any CPU.ActiveCfg = Release|Any CPU
		{8907983E-F192-A279-1A15-E7640244D056}.Release|Any CPU.Build.0 = Release|Any CPU
		{FCF3EAC1-4A86-2EC3-9EAF-7DC146588A09}.Debug|Any CPU.ActiveCfg = Debug|Any CPU
		{FCF3EAC1-4A86-2EC3-9EAF-7DC146588A09}.Debug|Any CPU.Build.0 = Debug|Any CPU
		{FCF3EAC1-4A86-2EC3-9EAF-7DC146588A09}.Release|Any CPU.ActiveCfg = Release|Any CPU
		{FCF3EAC1-4A86-2EC3-9EAF-7DC146588A09}.Release|Any CPU.Build.0 = Release|Any CPU
		{C2A18B67-4B97-72FE-C4B2-A9030C066D00}.Debug|Any CPU.ActiveCfg = Debug|Any CPU
		{C2A18B67-4B97-72FE-C4B2-A9030C066D00}.Debug|Any CPU.Build.0 = Debug|Any CPU
		{C2A18B67-4B97-72FE-C4B2-A9030C066D00}.Release|Any CPU.ActiveCfg = Release|Any CPU
		{C2A18B67-4B97-72FE-C4B2-A9030C066D00}.Release|Any CPU.Build.0 = Release|Any CPU
		{EE1F92DE-0154-5300-BD0F-E8EBD7043D39}.Debug|Any CPU.ActiveCfg = Debug|Any CPU
		{EE1F92DE-0154-5300-BD0F-E8EBD7043D39}.Debug|Any CPU.Build.0 = Debug|Any CPU
		{EE1F92DE-0154-5300-BD0F-E8EBD7043D39}.Release|Any CPU.ActiveCfg = Release|Any CPU
		{EE1F92DE-0154-5300-BD0F-E8EBD7043D39}.Release|Any CPU.Build.0 = Release|Any CPU
		{86E15971-8108-6D20-D091-9683CE81DA8A}.Debug|Any CPU.ActiveCfg = Debug|Any CPU
		{86E15971-8108-6D20-D091-9683CE81DA8A}.Debug|Any CPU.Build.0 = Debug|Any CPU
		{86E15971-8108-6D20-D091-9683CE81DA8A}.Release|Any CPU.ActiveCfg = Release|Any CPU
		{86E15971-8108-6D20-D091-9683CE81DA8A}.Release|Any CPU.Build.0 = Release|Any CPU
		{4DBEF992-E81B-83EE-76A1-4BACD4F6EAFF}.Debug|Any CPU.ActiveCfg = Debug|Any CPU
		{4DBEF992-E81B-83EE-76A1-4BACD4F6EAFF}.Debug|Any CPU.Build.0 = Debug|Any CPU
		{4DBEF992-E81B-83EE-76A1-4BACD4F6EAFF}.Release|Any CPU.ActiveCfg = Release|Any CPU
		{4DBEF992-E81B-83EE-76A1-4BACD4F6EAFF}.Release|Any CPU.Build.0 = Release|Any CPU
		{6167EFB6-1E77-D0DB-6F35-FBEFD042983B}.Debug|Any CPU.ActiveCfg = Debug|Any CPU
		{6167EFB6-1E77-D0DB-6F35-FBEFD042983B}.Debug|Any CPU.Build.0 = Debug|Any CPU
		{6167EFB6-1E77-D0DB-6F35-FBEFD042983B}.Release|Any CPU.ActiveCfg = Release|Any CPU
		{6167EFB6-1E77-D0DB-6F35-FBEFD042983B}.Release|Any CPU.Build.0 = Release|Any CPU
		{D46008C1-195A-99EC-ADC1-171BB2173FA7}.Debug|Any CPU.ActiveCfg = Debug|Any CPU
		{D46008C1-195A-99EC-ADC1-171BB2173FA7}.Debug|Any CPU.Build.0 = Debug|Any CPU
		{D46008C1-195A-99EC-ADC1-171BB2173FA7}.Release|Any CPU.ActiveCfg = Release|Any CPU
		{D46008C1-195A-99EC-ADC1-171BB2173FA7}.Release|Any CPU.Build.0 = Release|Any CPU
		{3CD539A1-6B6A-5718-70CE-FF4D98F040D1}.Debug|Any CPU.ActiveCfg = Debug|Any CPU
		{3CD539A1-6B6A-5718-70CE-FF4D98F040D1}.Debug|Any CPU.Build.0 = Debug|Any CPU
		{3CD539A1-6B6A-5718-70CE-FF4D98F040D1}.Release|Any CPU.ActiveCfg = Release|Any CPU
		{3CD539A1-6B6A-5718-70CE-FF4D98F040D1}.Release|Any CPU.Build.0 = Release|Any CPU
		{774B1720-4444-465D-4A7E-8CAB2DBEEB72}.Debug|Any CPU.ActiveCfg = Debug|Any CPU
		{774B1720-4444-465D-4A7E-8CAB2DBEEB72}.Debug|Any CPU.Build.0 = Debug|Any CPU
		{774B1720-4444-465D-4A7E-8CAB2DBEEB72}.Release|Any CPU.ActiveCfg = Release|Any CPU
		{774B1720-4444-465D-4A7E-8CAB2DBEEB72}.Release|Any CPU.Build.0 = Release|Any CPU
		{AB35A73F-8B72-9509-A8E2-F850D7568877}.Debug|Any CPU.ActiveCfg = Debug|Any CPU
		{AB35A73F-8B72-9509-A8E2-F850D7568877}.Debug|Any CPU.Build.0 = Debug|Any CPU
		{AB35A73F-8B72-9509-A8E2-F850D7568877}.Release|Any CPU.ActiveCfg = Release|Any CPU
		{AB35A73F-8B72-9509-A8E2-F850D7568877}.Release|Any CPU.Build.0 = Release|Any CPU
		{47C20955-7C3A-4657-1A59-2EAB75E731C4}.Debug|Any CPU.ActiveCfg = Debug|Any CPU
		{47C20955-7C3A-4657-1A59-2EAB75E731C4}.Debug|Any CPU.Build.0 = Debug|Any CPU
		{47C20955-7C3A-4657-1A59-2EAB75E731C4}.Release|Any CPU.ActiveCfg = Release|Any CPU
		{47C20955-7C3A-4657-1A59-2EAB75E731C4}.Release|Any CPU.Build.0 = Release|Any CPU
		{3251869F-6FA3-B313-E2D4-4F3F0F4C6D1A}.Debug|Any CPU.ActiveCfg = Debug|Any CPU
		{3251869F-6FA3-B313-E2D4-4F3F0F4C6D1A}.Debug|Any CPU.Build.0 = Debug|Any CPU
		{3251869F-6FA3-B313-E2D4-4F3F0F4C6D1A}.Release|Any CPU.ActiveCfg = Release|Any CPU
		{3251869F-6FA3-B313-E2D4-4F3F0F4C6D1A}.Release|Any CPU.Build.0 = Release|Any CPU
		{E85BAA4D-3437-2A2E-7F7B-F2E462091D9B}.Debug|Any CPU.ActiveCfg = Debug|Any CPU
		{E85BAA4D-3437-2A2E-7F7B-F2E462091D9B}.Debug|Any CPU.Build.0 = Debug|Any CPU
		{E85BAA4D-3437-2A2E-7F7B-F2E462091D9B}.Release|Any CPU.ActiveCfg = Release|Any CPU
		{E85BAA4D-3437-2A2E-7F7B-F2E462091D9B}.Release|Any CPU.Build.0 = Release|Any CPU
		{E854043D-7567-EFB7-EF36-9471D2FFDD4D}.Debug|Any CPU.ActiveCfg = Debug|Any CPU
		{E854043D-7567-EFB7-EF36-9471D2FFDD4D}.Debug|Any CPU.Build.0 = Debug|Any CPU
		{E854043D-7567-EFB7-EF36-9471D2FFDD4D}.Release|Any CPU.ActiveCfg = Release|Any CPU
		{E854043D-7567-EFB7-EF36-9471D2FFDD4D}.Release|Any CPU.Build.0 = Release|Any CPU
		{1D51D020-BC45-2A40-5A31-8831A5754B58}.Debug|Any CPU.ActiveCfg = Debug|Any CPU
		{1D51D020-BC45-2A40-5A31-8831A5754B58}.Debug|Any CPU.Build.0 = Debug|Any CPU
		{1D51D020-BC45-2A40-5A31-8831A5754B58}.Release|Any CPU.ActiveCfg = Release|Any CPU
		{1D51D020-BC45-2A40-5A31-8831A5754B58}.Release|Any CPU.Build.0 = Release|Any CPU
		{EBC32573-86FE-F36C-1C4F-C946328A1C8A}.Debug|Any CPU.ActiveCfg = Debug|Any CPU
		{EBC32573-86FE-F36C-1C4F-C946328A1C8A}.Debug|Any CPU.Build.0 = Debug|Any CPU
		{EBC32573-86FE-F36C-1C4F-C946328A1C8A}.Release|Any CPU.ActiveCfg = Release|Any CPU
		{EBC32573-86FE-F36C-1C4F-C946328A1C8A}.Release|Any CPU.Build.0 = Release|Any CPU
	EndGlobalSection
	GlobalSection(SolutionProperties) = preSolution
		HideSolutionNode = FALSE
	EndGlobalSection
EndGlobal
